# This file is automatically @generated by Cargo.
# It is not intended for manual editing.
version = 3

[[package]]
name = "autocfg"
version = "1.1.0"
source = "registry+https://github.com/rust-lang/crates.io-index"
checksum = "d468802bab17cbc0cc575e9b053f41e72aa36bfa6b7f55e3529ffa43161b97fa"

[[package]]
name = "fbr_cache"
version = "0.1.1"
dependencies = [
 "intrusive-collections",
]

[[package]]
name = "intrusive-collections"
version = "0.9.4"
source = "registry+https://github.com/rust-lang/crates.io-index"
checksum = "bfe531a7789d7120f3e17d4f3f2cd95f54418ba7354f60b7b622b6644a07888a"
dependencies = [
 "memoffset",
]

[[package]]
name = "memoffset"
version = "0.5.6"
source = "registry+https://github.com/rust-lang/crates.io-index"
checksum = "043175f069eda7b85febe4a74abbaeff828d9f8b448515d3151a14a3542811aa"
dependencies = [
 "autocfg",
]
